
Microsoft Visual Studio Solution File, Format Version 12.00
# Visual Studio Version 17
VisualStudioVersion = 17.3.32825.248
MinimumVisualStudioVersion = 10.0.40219.1
Project("{9A19103F-16F7-4668-BE54-9A1E7A4F7556}") = "SistemaAcademicoAPI", "SistemaAcademicoAPI\SistemaAcademicoAPI.csproj", "{88408545-361B-4079-911A-6D5AF50E04E9}"
EndProject
Project("{9A19103F-16F7-4668-BE54-9A1E7A4F7556}") = "SistemaAcademico", "SistemaAcademico\SistemaAcademico.csproj", "{171CB81B-8C9A-4B79-9EA8-2AFD9D3B31E0}"
EndProject
Project("{9A19103F-16F7-4668-BE54-9A1E7A4F7556}") = "SistemaAcademicoForm", "SistemaAcademicoForm\SistemaAcademicoForm.csproj", "{4CF87AB2-71CF-419F-91F8-F141C4F9D9CD}"
EndProject
Global
	GlobalSection(SolutionConfigurationPlatforms) = preSolution
		Debug|Any CPU = Debug|Any CPU
		Release|Any CPU = Release|Any CPU
	EndGlobalSection
	GlobalSection(ProjectConfigurationPlatforms) = postSolution
		{88408545-361B-4079-911A-6D5AF50E04E9}.Debug|Any CPU.ActiveCfg = Debug|Any CPU
		{88408545-361B-4079-911A-6D5AF50E04E9}.Debug|Any CPU.Build.0 = Debug|Any CPU
		{88408545-361B-4079-911A-6D5AF50E04E9}.Release|Any CPU.ActiveCfg = Release|Any CPU
		{88408545-361B-4079-911A-6D5AF50E04E9}.Release|Any CPU.Build.0 = Release|Any CPU
		{171CB81B-8C9A-4B79-9EA8-2AFD9D3B31E0}.Debug|Any CPU.ActiveCfg = Debug|Any CPU
		{171CB81B-8C9A-4B79-9EA8-2AFD9D3B31E0}.Debug|Any CPU.Build.0 = Debug|Any CPU
		{171CB81B-8C9A-4B79-9EA8-2AFD9D3B31E0}.Release|Any CPU.ActiveCfg = Release|Any CPU
		{171CB81B-8C9A-4B79-9EA8-2AFD9D3B31E0}.Release|Any CPU.Build.0 = Release|Any CPU
		{4CF87AB2-71CF-419F-91F8-F141C4F9D9CD}.Debug|Any CPU.ActiveCfg = Debug|Any CPU
		{4CF87AB2-71CF-419F-91F8-F141C4F9D9CD}.Debug|Any CPU.Build.0 = Debug|Any CPU
		{4CF87AB2-71CF-419F-91F8-F141C4F9D9CD}.Release|Any CPU.ActiveCfg = Release|Any CPU
		{4CF87AB2-71CF-419F-91F8-F141C4F9D9CD}.Release|Any CPU.Build.0 = Release|Any CPU
	EndGlobalSection
	GlobalSection(SolutionProperties) = preSolution
		HideSolutionNode = FALSE
	EndGlobalSection
	GlobalSection(ExtensibilityGlobals) = postSolution
		SolutionGuid = {3C446FF6-534C-45AC-B2DC-6D86D2E13E79}
	EndGlobalSection
EndGlobal
